
Microsoft Visual Studio Solution File, Format Version 12.00
# Visual Studio Version 17
VisualStudioVersion = 17.8.34525.116
MinimumVisualStudioVersion = 10.0.40219.1
Project("{FAE04EC0-301F-11D3-BF4B-00C04F79EFBC}") = "MinApiLivros", "MinApiLivros\MinApiLivros.csproj", "{61BDDBE9-DBAD-415C-A52D-9A79B7C381F6}"
EndProject
Global
	GlobalSection(SolutionConfigurationPlatforms) = preSolution
		Debug|Any CPU = Debug|Any CPU
		Release|Any CPU = Release|Any CPU
	EndGlobalSection
	GlobalSection(ProjectConfigurationPlatforms) = postSolution
		{61BDDBE9-DBAD-415C-A52D-9A79B7C381F6}.Debug|Any CPU.ActiveCfg = Debug|Any CPU
		{61BDDBE9-DBAD-415C-A52D-9A79B7C381F6}.Debug|Any CPU.Build.0 = Debug|Any CPU
		{61BDDBE9-DBAD-415C-A52D-9A79B7C381F6}.Release|Any CPU.ActiveCfg = Release|Any CPU
		{61BDDBE9-DBAD-415C-A52D-9A79B7C381F6}.Release|Any CPU.Build.0 = Release|Any CPU
	EndGlobalSection
	GlobalSection(SolutionProperties) = preSolution
		HideSolutionNode = FALSE
	EndGlobalSection
	GlobalSection(ExtensibilityGlobals) = postSolution
		SolutionGuid = {2F0F19B1-0862-46AF-B309-C607E948D332}
	EndGlobalSection
EndGlobal
